{
  "name": "Project2",
  "version": "1.0.0",
  "lockfileVersion": 1,
  "requires": true,
  "dependencies": {
    "@types/knockout": {
      "version": "3.4.46",
      "resolved": "https://registry.npmjs.org/@types/knockout/-/knockout-3.4.46.tgz",
      "integrity": "sha512-dsnfVF8CPQNv3mk7iQS2mGv7AAUVRcTGExbrlfwDD1AZPaV8cquHsVw3mLIFBsiHL8h4TiECiWtukqTF9dcEug=="
    },
    "jquery": {
      "version": "3.4.1",
      "resolved": "https://registry.npmjs.org/jquery/-/jquery-3.4.1.tgz",
      "integrity": "sha512-36+AdBzCL+y6qjw5Tx7HgzeGCzC81MDDgaUP8ld2zhx58HdqXGoBd+tHdrBMiyjGQs0Hxs/MLZTu/eHNJJuWPw=="
    },
    "materialize-css": {
      "version": "1.0.0-rc.2",
      "resolved": "https://registry.npmjs.org/materialize-css/-/materialize-css-1.0.0-rc.2.tgz",
      "integrity": "sha512-FuQmSyq4Qv0ov7A2qXw0E6/jbQzSWx2P1pg2/XQDYTkkSc/GyiFAxu3fw9zgShwuTvyumEiw5jkxQWT9siqMBQ=="
    },
    "survey-jquery": {
      "version": "1.0.85",
      "resolved": "https://registry.npmjs.org/survey-jquery/-/survey-jquery-1.0.85.tgz",
      "integrity": "sha512-Ed9cLp1PgAXXcm8IKGW2dz9UYhi5uUncp5pIiXGDWyvu+y0dR+MqSaAlsOAOvFlbBWybozOMi6/nGc8VmW0Chw==",
      "requires": {
        "@types/knockout": "3.4.46",
        "jquery": ">=1.12.4"
      }
    }
  }
}
